
Microsoft Visual Studio Solution File, Format Version 12.00
# Visual Studio Version 16
VisualStudioVersion = 16.0.30320.27
MinimumVisualStudioVersion = 10.0.40219.1
Project("{9A19103F-16F7-4668-BE54-9A1E7A4F7556}") = "WeatherApp", "WeatherApp\WeatherApp.csproj", "{E75B9352-B767-4459-8CCB-7B8425643EE0}"
EndProject
Project("{9A19103F-16F7-4668-BE54-9A1E7A4F7556}") = "WeatherAppTests", "WeatherAppTests\WeatherAppTests.csproj", "{44AA8A75-DC7A-43E2-9C2A-17A367A02D71}"
EndProject
Global
	GlobalSection(SolutionConfigurationPlatforms) = preSolution
		Debug|Any CPU = Debug|Any CPU
		Release|Any CPU = Release|Any CPU
	EndGlobalSection
	GlobalSection(ProjectConfigurationPlatforms) = postSolution
		{E75B9352-B767-4459-8CCB-7B8425643EE0}.Debug|Any CPU.ActiveCfg = Debug|Any CPU
		{E75B9352-B767-4459-8CCB-7B8425643EE0}.Debug|Any CPU.Build.0 = Debug|Any CPU
		{E75B9352-B767-4459-8CCB-7B8425643EE0}.Release|Any CPU.ActiveCfg = Release|Any CPU
		{E75B9352-B767-4459-8CCB-7B8425643EE0}.Release|Any CPU.Build.0 = Release|Any CPU
		{44AA8A75-DC7A-43E2-9C2A-17A367A02D71}.Debug|Any CPU.ActiveCfg = Debug|Any CPU
		{44AA8A75-DC7A-43E2-9C2A-17A367A02D71}.Debug|Any CPU.Build.0 = Debug|Any CPU
		{44AA8A75-DC7A-43E2-9C2A-17A367A02D71}.Release|Any CPU.ActiveCfg = Release|Any CPU
		{44AA8A75-DC7A-43E2-9C2A-17A367A02D71}.Release|Any CPU.Build.0 = Release|Any CPU
	EndGlobalSection
	GlobalSection(SolutionProperties) = preSolution
		HideSolutionNode = FALSE
	EndGlobalSection
	GlobalSection(ExtensibilityGlobals) = postSolution
		SolutionGuid = {9595C6C3-0A7A-49FB-8E44-26305790269C}
	EndGlobalSection
EndGlobal
